
Microsoft Visual Studio Solution File, Format Version 12.00
# Visual Studio Version 17
VisualStudioVersion = 17.11.35219.272
MinimumVisualStudioVersion = 10.0.40219.1
Project("{FAE04EC0-301F-11D3-BF4B-00C04F79EFBC}") = "Taller", "Taller.csproj", "{F15AAB9A-60EA-45A1-BC75-03D26AA0D8DC}"
EndProject
Global
	GlobalSection(SolutionConfigurationPlatforms) = preSolution
		Debug|Any CPU = Debug|Any CPU
		Release|Any CPU = Release|Any CPU
	EndGlobalSection
	GlobalSection(ProjectConfigurationPlatforms) = postSolution
		{F15AAB9A-60EA-45A1-BC75-03D26AA0D8DC}.Debug|Any CPU.ActiveCfg = Debug|Any CPU
		{F15AAB9A-60EA-45A1-BC75-03D26AA0D8DC}.Debug|Any CPU.Build.0 = Debug|Any CPU
		{F15AAB9A-60EA-45A1-BC75-03D26AA0D8DC}.Release|Any CPU.ActiveCfg = Release|Any CPU
		{F15AAB9A-60EA-45A1-BC75-03D26AA0D8DC}.Release|Any CPU.Build.0 = Release|Any CPU
	EndGlobalSection
	GlobalSection(SolutionProperties) = preSolution
		HideSolutionNode = FALSE
	EndGlobalSection
	GlobalSection(ExtensibilityGlobals) = postSolution
		SolutionGuid = {1BFE8732-EEFC-4DCC-9AAB-1E98458FC924}
	EndGlobalSection
EndGlobal
